
Microsoft Visual Studio Solution File, Format Version 12.00
# Visual Studio Version 17
VisualStudioVersion = 17.3.32929.385
MinimumVisualStudioVersion = 10.0.40219.1
Project("{9A19103F-16F7-4668-BE54-9A1E7A4F7556}") = "API", "API\API.csproj", "{C0E12AFF-6092-4E4F-82FD-3990FFD01A68}"
EndProject
Project("{9A19103F-16F7-4668-BE54-9A1E7A4F7556}") = "Core", "Core\Core.csproj", "{9D73FDCF-36DC-43EF-BA20-7D045B959A61}"
EndProject
Project("{9A19103F-16F7-4668-BE54-9A1E7A4F7556}") = "Database", "Database\Database.csproj", "{3327E992-DE9A-4E8B-952F-7108E09EB8BB}"
EndProject
Project("{2150E333-8FDC-42A3-9474-1A3956D46DE8}") = "Assets", "Assets", "{EF0E2101-3D2A-46C2-8DDD-6AA93ED6E858}"
	ProjectSection(SolutionItems) = preProject
		README.md = README.md
	EndProjectSection
EndProject
Global
	GlobalSection(SolutionConfigurationPlatforms) = preSolution
		Debug|Any CPU = Debug|Any CPU
		Release|Any CPU = Release|Any CPU
	EndGlobalSection
	GlobalSection(ProjectConfigurationPlatforms) = postSolution
		{C0E12AFF-6092-4E4F-82FD-3990FFD01A68}.Debug|Any CPU.ActiveCfg = Debug|Any CPU
		{C0E12AFF-6092-4E4F-82FD-3990FFD01A68}.Debug|Any CPU.Build.0 = Debug|Any CPU
		{C0E12AFF-6092-4E4F-82FD-3990FFD01A68}.Release|Any CPU.ActiveCfg = Release|Any CPU
		{C0E12AFF-6092-4E4F-82FD-3990FFD01A68}.Release|Any CPU.Build.0 = Release|Any CPU
		{9D73FDCF-36DC-43EF-BA20-7D045B959A61}.Debug|Any CPU.ActiveCfg = Debug|Any CPU
		{9D73FDCF-36DC-43EF-BA20-7D045B959A61}.Debug|Any CPU.Build.0 = Debug|Any CPU
		{9D73FDCF-36DC-43EF-BA20-7D045B959A61}.Release|Any CPU.ActiveCfg = Release|Any CPU
		{9D73FDCF-36DC-43EF-BA20-7D045B959A61}.Release|Any CPU.Build.0 = Release|Any CPU
		{3327E992-DE9A-4E8B-952F-7108E09EB8BB}.Debug|Any CPU.ActiveCfg = Debug|Any CPU
		{3327E992-DE9A-4E8B-952F-7108E09EB8BB}.Debug|Any CPU.Build.0 = Debug|Any CPU
		{3327E992-DE9A-4E8B-952F-7108E09EB8BB}.Release|Any CPU.ActiveCfg = Release|Any CPU
		{3327E992-DE9A-4E8B-952F-7108E09EB8BB}.Release|Any CPU.Build.0 = Release|Any CPU
	EndGlobalSection
	GlobalSection(SolutionProperties) = preSolution
		HideSolutionNode = FALSE
	EndGlobalSection
	GlobalSection(ExtensibilityGlobals) = postSolution
		SolutionGuid = {5041C361-5FE0-4510-9A70-E13A2434746C}
	EndGlobalSection
EndGlobal
